
Microsoft Visual Studio Solution File, Format Version 12.00
# Visual Studio Version 16
VisualStudioVersion = 16.0.30804.86
MinimumVisualStudioVersion = 10.0.40219.1
Project("{8BC9CEB8-8B4A-11D0-8D11-00A0C91BC942}") = "Referenzen", "sorgesorge.vcxproj", "{5ACBA213-9896-495D-B7DB-9CFC92B8BFCA}"
EndProject
Project("{8BC9CEB8-8B4A-11D0-8D11-00A0C91BC942}") = "SmartPointer_und_Iteratoren", "..\SmartPointer_und_Iteratoren\SmartPointer_und_Iteratoren.vcxproj", "{9750F2CF-52B1-4EEB-B1AD-53C20608ACF8}"
EndProject
Project("{8BC9CEB8-8B4A-11D0-8D11-00A0C91BC942}") = "Konstruktoren", "..\Konstruktoren\Konstruktoren.vcxproj", "{01AF6FB6-B1D5-46F5-A406-ADAC3F66F598}"
EndProject
Global
	GlobalSection(SolutionConfigurationPlatforms) = preSolution
		Debug|x64 = Debug|x64
		Debug|x86 = Debug|x86
		Release|x64 = Release|x64
		Release|x86 = Release|x86
	EndGlobalSection
	GlobalSection(ProjectConfigurationPlatforms) = postSolution
		{5ACBA213-9896-495D-B7DB-9CFC92B8BFCA}.Debug|x64.ActiveCfg = Debug|x64
		{5ACBA213-9896-495D-B7DB-9CFC92B8BFCA}.Debug|x64.Build.0 = Debug|x64
		{5ACBA213-9896-495D-B7DB-9CFC92B8BFCA}.Debug|x86.ActiveCfg = Debug|Win32
		{5ACBA213-9896-495D-B7DB-9CFC92B8BFCA}.Debug|x86.Build.0 = Debug|Win32
		{5ACBA213-9896-495D-B7DB-9CFC92B8BFCA}.Release|x64.ActiveCfg = Release|x64
		{5ACBA213-9896-495D-B7DB-9CFC92B8BFCA}.Release|x64.Build.0 = Release|x64
		{5ACBA213-9896-495D-B7DB-9CFC92B8BFCA}.Release|x86.ActiveCfg = Release|Win32
		{5ACBA213-9896-495D-B7DB-9CFC92B8BFCA}.Release|x86.Build.0 = Release|Win32
		{9750F2CF-52B1-4EEB-B1AD-53C20608ACF8}.Debug|x64.ActiveCfg = Debug|x64
		{9750F2CF-52B1-4EEB-B1AD-53C20608ACF8}.Debug|x64.Build.0 = Debug|x64
		{9750F2CF-52B1-4EEB-B1AD-53C20608ACF8}.Debug|x86.ActiveCfg = Debug|Win32
		{9750F2CF-52B1-4EEB-B1AD-53C20608ACF8}.Debug|x86.Build.0 = Debug|Win32
		{9750F2CF-52B1-4EEB-B1AD-53C20608ACF8}.Release|x64.ActiveCfg = Release|x64
		{9750F2CF-52B1-4EEB-B1AD-53C20608ACF8}.Release|x64.Build.0 = Release|x64
		{9750F2CF-52B1-4EEB-B1AD-53C20608ACF8}.Release|x86.ActiveCfg = Release|Win32
		{9750F2CF-52B1-4EEB-B1AD-53C20608ACF8}.Release|x86.Build.0 = Release|Win32
		{01AF6FB6-B1D5-46F5-A406-ADAC3F66F598}.Debug|x64.ActiveCfg = Debug|x64
		{01AF6FB6-B1D5-46F5-A406-ADAC3F66F598}.Debug|x64.Build.0 = Debug|x64
		{01AF6FB6-B1D5-46F5-A406-ADAC3F66F598}.Debug|x86.ActiveCfg = Debug|Win32
		{01AF6FB6-B1D5-46F5-A406-ADAC3F66F598}.Debug|x86.Build.0 = Debug|Win32
		{01AF6FB6-B1D5-46F5-A406-ADAC3F66F598}.Release|x64.ActiveCfg = Release|x64
		{01AF6FB6-B1D5-46F5-A406-ADAC3F66F598}.Release|x64.Build.0 = Release|x64
		{01AF6FB6-B1D5-46F5-A406-ADAC3F66F598}.Release|x86.ActiveCfg = Release|Win32
		{01AF6FB6-B1D5-46F5-A406-ADAC3F66F598}.Release|x86.Build.0 = Release|Win32
	EndGlobalSection
	GlobalSection(SolutionProperties) = preSolution
		HideSolutionNode = FALSE
	EndGlobalSection
	GlobalSection(ExtensibilityGlobals) = postSolution
		SolutionGuid = {E861D293-F7A0-4C85-8CDB-81E84C4A7F5A}
	EndGlobalSection
EndGlobal
